// !$*UTF8*$!
{
	archiveVersion = 1;
	classes = {
	};
	objectVersion = 50;
	objects = {

/* Begin PBXBuildFile section */
		393AA10724A93CBD00AAE3EC /* AppDelegate.swift in Sources */ = {isa = PBXBuildFile; fileRef = 393AA10624A93CBD00AAE3EC /* AppDelegate.swift */; };
		393AA10924A93CBD00AAE3EC /* SceneDelegate.swift in Sources */ = {isa = PBXBuildFile; fileRef = 393AA10824A93CBD00AAE3EC /* SceneDelegate.swift */; };
		393AA10B24A93CBD00AAE3EC /* ContentView.swift in Sources */ = {isa = PBXBuildFile; fileRef = 393AA10A24A93CBD00AAE3EC /* ContentView.swift */; };
		393AA10D24A93CBF00AAE3EC /* Assets.xcassets in Resources */ = {isa = PBXBuildFile; fileRef = 393AA10C24A93CBF00AAE3EC /* Assets.xcassets */; };
		393AA11024A93CBF00AAE3EC /* Preview Assets.xcassets in Resources */ = {isa = PBXBuildFile; fileRef = 393AA10F24A93CBF00AAE3EC /* Preview Assets.xcassets */; };
		393AA11324A93CBF00AAE3EC /* LaunchScreen.storyboard in Resources */ = {isa = PBXBuildFile; fileRef = 393AA11124A93CBF00AAE3EC /* LaunchScreen.storyboard */; };
		5947543624ACD6BD00808745 /* Date+TimeBefore.swift in Sources */ = {isa = PBXBuildFile; fileRef = 5947543524ACD6BD00808745 /* Date+TimeBefore.swift */; };
		5947543824ACD6E700808745 /* Date+scrapbookFormat.swift in Sources */ = {isa = PBXBuildFile; fileRef = 5947543724ACD6E700808745 /* Date+scrapbookFormat.swift */; };
		5947543A24ACD7BE00808745 /* Thumbnail.swift in Sources */ = {isa = PBXBuildFile; fileRef = 5947543924ACD7BE00808745 /* Thumbnail.swift */; };
		5947543C24ACD7C600808745 /* Post.swift in Sources */ = {isa = PBXBuildFile; fileRef = 5947543B24ACD7C600808745 /* Post.swift */; };
		5947543E24ACD7CD00808745 /* User.swift in Sources */ = {isa = PBXBuildFile; fileRef = 5947543D24ACD7CD00808745 /* User.swift */; };
		5947544024ACD82A00808745 /* Attachment.swift in Sources */ = {isa = PBXBuildFile; fileRef = 5947543F24ACD82A00808745 /* Attachment.swift */; };
		5947544224ACDE4200808745 /* ScrapbookDataService.swift in Sources */ = {isa = PBXBuildFile; fileRef = 5947544124ACDE4200808745 /* ScrapbookDataService.swift */; };
/* End PBXBuildFile section */

/* Begin PBXFileReference section */
		393AA10324A93CBD00AAE3EC /* Scrapbook.app */ = {isa = PBXFileReference; explicitFileType = wrapper.application; includeInIndex = 0; path = Scrapbook.app; sourceTree = BUILT_PRODUCTS_DIR; };
		393AA10624A93CBD00AAE3EC /* AppDelegate.swift */ = {isa = PBXFileReference; lastKnownFileType = sourcecode.swift; path = AppDelegate.swift; sourceTree = "<group>"; };
		393AA10824A93CBD00AAE3EC /* SceneDelegate.swift */ = {isa = PBXFileReference; lastKnownFileType = sourcecode.swift; path = SceneDelegate.swift; sourceTree = "<group>"; };
		393AA10A24A93CBD00AAE3EC /* ContentView.swift */ = {isa = PBXFileReference; lastKnownFileType = sourcecode.swift; path = ContentView.swift; sourceTree = "<group>"; };
		393AA10C24A93CBF00AAE3EC /* Assets.xcassets */ = {isa = PBXFileReference; lastKnownFileType = folder.assetcatalog; path = Assets.xcassets; sourceTree = "<group>"; };
		393AA10F24A93CBF00AAE3EC /* Preview Assets.xcassets */ = {isa = PBXFileReference; lastKnownFileType = folder.assetcatalog; path = "Preview Assets.xcassets"; sourceTree = "<group>"; };
		393AA11224A93CBF00AAE3EC /* Base */ = {isa = PBXFileReference; lastKnownFileType = file.storyboard; name = Base; path = Base.lproj/LaunchScreen.storyboard; sourceTree = "<group>"; };
		393AA11424A93CBF00AAE3EC /* Info.plist */ = {isa = PBXFileReference; lastKnownFileType = text.plist.xml; path = Info.plist; sourceTree = "<group>"; };
		5947543524ACD6BD00808745 /* Date+TimeBefore.swift */ = {isa = PBXFileReference; lastKnownFileType = sourcecode.swift; path = "Date+TimeBefore.swift"; sourceTree = "<group>"; };
		5947543724ACD6E700808745 /* Date+scrapbookFormat.swift */ = {isa = PBXFileReference; lastKnownFileType = sourcecode.swift; path = "Date+scrapbookFormat.swift"; sourceTree = "<group>"; };
		5947543924ACD7BE00808745 /* Thumbnail.swift */ = {isa = PBXFileReference; lastKnownFileType = sourcecode.swift; path = Thumbnail.swift; sourceTree = "<group>"; };
		5947543B24ACD7C600808745 /* Post.swift */ = {isa = PBXFileReference; lastKnownFileType = sourcecode.swift; path = Post.swift; sourceTree = "<group>"; };
		5947543D24ACD7CD00808745 /* User.swift */ = {isa = PBXFileReference; lastKnownFileType = sourcecode.swift; path = User.swift; sourceTree = "<group>"; };
		5947543F24ACD82A00808745 /* Attachment.swift */ = {isa = PBXFileReference; lastKnownFileType = sourcecode.swift; path = Attachment.swift; sourceTree = "<group>"; };
		5947544124ACDE4200808745 /* ScrapbookDataService.swift */ = {isa = PBXFileReference; lastKnownFileType = sourcecode.swift; path = ScrapbookDataService.swift; sourceTree = "<group>"; };
/* End PBXFileReference section */

/* Begin PBXFrameworksBuildPhase section */
		393AA10024A93CBD00AAE3EC /* Frameworks */ = {
			isa = PBXFrameworksBuildPhase;
			buildActionMask = 2147483647;
			files = (
			);
			runOnlyForDeploymentPostprocessing = 0;
		};
/* End PBXFrameworksBuildPhase section */

/* Begin PBXGroup section */
		393AA0FA24A93CBD00AAE3EC = {
			isa = PBXGroup;
			children = (
				393AA10524A93CBD00AAE3EC /* Scrapbook */,
				393AA10424A93CBD00AAE3EC /* Products */,
			);
			sourceTree = "<group>";
		};
		393AA10424A93CBD00AAE3EC /* Products */ = {
			isa = PBXGroup;
			children = (
				393AA10324A93CBD00AAE3EC /* Scrapbook.app */,
			);
			name = Products;
			sourceTree = "<group>";
		};
		393AA10524A93CBD00AAE3EC /* Scrapbook */ = {
			isa = PBXGroup;
			children = (
				5947543424ACD69900808745 /* System Extensions */,
				5947543324ACD69100808745 /* Models */,
				393AA10624A93CBD00AAE3EC /* AppDelegate.swift */,
				393AA10824A93CBD00AAE3EC /* SceneDelegate.swift */,
				393AA10A24A93CBD00AAE3EC /* ContentView.swift */,
				393AA10C24A93CBF00AAE3EC /* Assets.xcassets */,
				393AA11124A93CBF00AAE3EC /* LaunchScreen.storyboard */,
				393AA11424A93CBF00AAE3EC /* Info.plist */,
				393AA10E24A93CBF00AAE3EC /* Preview Content */,
			);
			path = Scrapbook;
			sourceTree = "<group>";
		};
		393AA10E24A93CBF00AAE3EC /* Preview Content */ = {
			isa = PBXGroup;
			children = (
				393AA10F24A93CBF00AAE3EC /* Preview Assets.xcassets */,
			);
			path = "Preview Content";
			sourceTree = "<group>";
		};
		5947543324ACD69100808745 /* Models */ = {
			isa = PBXGroup;
			children = (
				5947543924ACD7BE00808745 /* Thumbnail.swift */,
				5947543B24ACD7C600808745 /* Post.swift */,
				5947543D24ACD7CD00808745 /* User.swift */,
				5947543F24ACD82A00808745 /* Attachment.swift */,
				5947544124ACDE4200808745 /* ScrapbookDataService.swift */,
			);
			path = Models;
			sourceTree = "<group>";
		};
		5947543424ACD69900808745 /* System Extensions */ = {
			isa = PBXGroup;
			children = (
				5947543524ACD6BD00808745 /* Date+TimeBefore.swift */,
				5947543724ACD6E700808745 /* Date+scrapbookFormat.swift */,
			);
			path = "System Extensions";
			sourceTree = "<group>";
		};
/* End PBXGroup section */

/* Begin PBXNativeTarget section */
		393AA10224A93CBD00AAE3EC /* Scrapbook */ = {
			isa = PBXNativeTarget;
			buildConfigurationList = 393AA11724A93CBF00AAE3EC /* Build configuration list for PBXNativeTarget "Scrapbook" */;
			buildPhases = (
				393AA0FF24A93CBD00AAE3EC /* Sources */,
				393AA10024A93CBD00AAE3EC /* Frameworks */,
				393AA10124A93CBD00AAE3EC /* Resources */,
			);
			buildRules = (
			);
			dependencies = (
			);
			name = Scrapbook;
			productName = Scrapbook;
			productReference = 393AA10324A93CBD00AAE3EC /* Scrapbook.app */;
			productType = "com.apple.product-type.application";
		};
/* End PBXNativeTarget section */

/* Begin PBXProject section */
		393AA0FB24A93CBD00AAE3EC /* Project object */ = {
			isa = PBXProject;
			attributes = {
				LastSwiftUpdateCheck = 1130;
				LastUpgradeCheck = 1130;
				ORGANIZATIONNAME = "Lachlan Campbell";
				TargetAttributes = {
					393AA10224A93CBD00AAE3EC = {
						CreatedOnToolsVersion = 11.3;
					};
				};
			};
			buildConfigurationList = 393AA0FE24A93CBD00AAE3EC /* Build configuration list for PBXProject "Scrapbook" */;
			compatibilityVersion = "Xcode 9.3";
			developmentRegion = en;
			hasScannedForEncodings = 0;
			knownRegions = (
				en,
				Base,
			);
			mainGroup = 393AA0FA24A93CBD00AAE3EC;
			productRefGroup = 393AA10424A93CBD00AAE3EC /* Products */;
			projectDirPath = "";
			projectRoot = "";
			targets = (
				393AA10224A93CBD00AAE3EC /* Scrapbook */,
			);
		};
/* End PBXProject section */

/* Begin PBXResourcesBuildPhase section */
		393AA10124A93CBD00AAE3EC /* Resources */ = {
			isa = PBXResourcesBuildPhase;
			buildActionMask = 2147483647;
			files = (
				393AA11324A93CBF00AAE3EC /* LaunchScreen.storyboard in Resources */,
				393AA11024A93CBF00AAE3EC /* Preview Assets.xcassets in Resources */,
				393AA10D24A93CBF00AAE3EC /* Assets.xcassets in Resources */,
			);
			runOnlyForDeploymentPostprocessing = 0;
		};
/* End PBXResourcesBuildPhase section */

/* Begin PBXSourcesBuildPhase section */
		393AA0FF24A93CBD00AAE3EC /* Sources */ = {
			isa = PBXSourcesBuildPhase;
			buildActionMask = 2147483647;
			files = (
				393AA10724A93CBD00AAE3EC /* AppDelegate.swift in Sources */,
				5947544024ACD82A00808745 /* Attachment.swift in Sources */,
				393AA10924A93CBD00AAE3EC /* SceneDelegate.swift in Sources */,
				5947543A24ACD7BE00808745 /* Thumbnail.swift in Sources */,
				393AA10B24A93CBD00AAE3EC /* ContentView.swift in Sources */,
				5947543E24ACD7CD00808745 /* User.swift in Sources */,
				5947544224ACDE4200808745 /* ScrapbookDataService.swift in Sources */,
				5947543824ACD6E700808745 /* Date+scrapbookFormat.swift in Sources */,
				5947543C24ACD7C600808745 /* Post.swift in Sources */,
				5947543624ACD6BD00808745 /* Date+TimeBefore.swift in Sources */,
			);
			runOnlyForDeploymentPostprocessing = 0;
		};
/* End PBXSourcesBuildPhase section */

/* Begin PBXVariantGroup section */
		393AA11124A93CBF00AAE3EC /* LaunchScreen.storyboard */ = {
			isa = PBXVariantGroup;
			children = (
				393AA11224A93CBF00AAE3EC /* Base */,
			);
			name = LaunchScreen.storyboard;
			sourceTree = "<group>";
		};
/* End PBXVariantGroup section */

/* Begin XCBuildConfiguration section */
		393AA11524A93CBF00AAE3EC /* Debug */ = {
			isa = XCBuildConfiguration;
			buildSettings = {
				ALWAYS_SEARCH_USER_PATHS = NO;
				CLANG_ANALYZER_NONNULL = YES;
				CLANG_ANALYZER_NUMBER_OBJECT_CONVERSION = YES_AGGRESSIVE;
				CLANG_CXX_LANGUAGE_STANDARD = "gnu++14";
				CLANG_CXX_LIBRARY = "libc++";
				CLANG_ENABLE_MODULES = YES;
				CLANG_ENABLE_OBJC_ARC = YES;
				CLANG_ENABLE_OBJC_WEAK = YES;
				CLANG_WARN_BLOCK_CAPTURE_AUTORELEASING = YES;
				CLANG_WARN_BOOL_CONVERSION = YES;
				CLANG_WARN_COMMA = YES;
				CLANG_WARN_CONSTANT_CONVERSION = YES;
				CLANG_WARN_DEPRECATED_OBJC_IMPLEMENTATIONS = YES;
				CLANG_WARN_DIRECT_OBJC_ISA_USAGE = YES_ERROR;
				CLANG_WARN_DOCUMENTATION_COMMENTS = YES;
				CLANG_WARN_EMPTY_BODY = YES;
				CLANG_WARN_ENUM_CONVERSION = YES;
				CLANG_WARN_INFINITE_RECURSION = YES;
				CLANG_WARN_INT_CONVERSION = YES;
				CLANG_WARN_NON_LITERAL_NULL_CONVERSION = YES;
				CLANG_WARN_OBJC_IMPLICIT_RETAIN_SELF = YES;
				CLANG_WARN_OBJC_LITERAL_CONVERSION = YES;
				CLANG_WARN_OBJC_ROOT_CLASS = YES_ERROR;
				CLANG_WARN_RANGE_LOOP_ANALYSIS = YES;
				CLANG_WARN_STRICT_PROTOTYPES = YES;
				CLANG_WARN_SUSPICIOUS_MOVE = YES;
				CLANG_WARN_UNGUARDED_AVAILABILITY = YES_AGGRESSIVE;
				CLANG_WARN_UNREACHABLE_CODE = YES;
				CLANG_WARN__DUPLICATE_METHOD_MATCH = YES;
				COPY_PHASE_STRIP = NO;
				DEBUG_INFORMATION_FORMAT = dwarf;
				ENABLE_STRICT_OBJC_MSGSEND = YES;
				ENABLE_TESTABILITY = YES;
				GCC_C_LANGUAGE_STANDARD = gnu11;
				GCC_DYNAMIC_NO_PIC = NO;
				GCC_NO_COMMON_BLOCKS = YES;
				GCC_OPTIMIZATION_LEVEL = 0;
				GCC_PREPROCESSOR_DEFINITIONS = (
					"DEBUG=1",
					"$(inherited)",
				);
				GCC_WARN_64_TO_32_BIT_CONVERSION = YES;
				GCC_WARN_ABOUT_RETURN_TYPE = YES_ERROR;
				GCC_WARN_UNDECLARED_SELECTOR = YES;
				GCC_WARN_UNINITIALIZED_AUTOS = YES_AGGRESSIVE;
				GCC_WARN_UNUSED_FUNCTION = YES;
				GCC_WARN_UNUSED_VARIABLE = YES;
				IPHONEOS_DEPLOYMENT_TARGET = 13.2;
				MTL_ENABLE_DEBUG_INFO = INCLUDE_SOURCE;
				MTL_FAST_MATH = YES;
				ONLY_ACTIVE_ARCH = YES;
				SDKROOT = iphoneos;
				SWIFT_ACTIVE_COMPILATION_CONDITIONS = DEBUG;
				SWIFT_OPTIMIZATION_LEVEL = "-Onone";
			};
			name = Debug;
		};
		393AA11624A93CBF00AAE3EC /* Release */ = {
			isa = XCBuildConfiguration;
			buildSettings = {
				ALWAYS_SEARCH_USER_PATHS = NO;
				CLANG_ANALYZER_NONNULL = YES;
				CLANG_ANALYZER_NUMBER_OBJECT_CONVERSION = YES_AGGRESSIVE;
				CLANG_CXX_LANGUAGE_STANDARD = "gnu++14";
				CLANG_CXX_LIBRARY = "libc++";
				CLANG_ENABLE_MODULES = YES;
				CLANG_ENABLE_OBJC_ARC = YES;
				CLANG_ENABLE_OBJC_WEAK = YES;
				CLANG_WARN_BLOCK_CAPTURE_AUTORELEASING = YES;
				CLANG_WARN_BOOL_CONVERSION = YES;
				CLANG_WARN_COMMA = YES;
				CLANG_WARN_CONSTANT_CONVERSION = YES;
				CLANG_WARN_DEPRECATED_OBJC_IMPLEMENTATIONS = YES;
				CLANG_WARN_DIRECT_OBJC_ISA_USAGE = YES_ERROR;
				CLANG_WARN_DOCUMENTATION_COMMENTS = YES;
				CLANG_WARN_EMPTY_BODY = YES;
				CLANG_WARN_ENUM_CONVERSION = YES;
				CLANG_WARN_INFINITE_RECURSION = YES;
				CLANG_WARN_INT_CONVERSION = YES;
				CLANG_WARN_NON_LITERAL_NULL_CONVERSION = YES;
				CLANG_WARN_OBJC_IMPLICIT_RETAIN_SELF = YES;
				CLANG_WARN_OBJC_LITERAL_CONVERSION = YES;
				CLANG_WARN_OBJC_ROOT_CLASS = YES_ERROR;
				CLANG_WARN_RANGE_LOOP_ANALYSIS = YES;
				CLANG_WARN_STRICT_PROTOTYPES = YES;
				CLANG_WARN_SUSPICIOUS_MOVE = YES;
				CLANG_WARN_UNGUARDED_AVAILABILITY = YES_AGGRESSIVE;
				CLANG_WARN_UNREACHABLE_CODE = YES;
				CLANG_WARN__DUPLICATE_METHOD_MATCH = YES;
				COPY_PHASE_STRIP = NO;
				DEBUG_INFORMATION_FORMAT = "dwarf-with-dsym";
				ENABLE_NS_ASSERTIONS = NO;
				ENABLE_STRICT_OBJC_MSGSEND = YES;
				GCC_C_LANGUAGE_STANDARD = gnu11;
				GCC_NO_COMMON_BLOCKS = YES;
				GCC_WARN_64_TO_32_BIT_CONVERSION = YES;
				GCC_WARN_ABOUT_RETURN_TYPE = YES_ERROR;
				GCC_WARN_UNDECLARED_SELECTOR = YES;
				GCC_WARN_UNINITIALIZED_AUTOS = YES_AGGRESSIVE;
				GCC_WARN_UNUSED_FUNCTION = YES;
				GCC_WARN_UNUSED_VARIABLE = YES;
				IPHONEOS_DEPLOYMENT_TARGET = 13.2;
				MTL_ENABLE_DEBUG_INFO = NO;
				MTL_FAST_MATH = YES;
				SDKROOT = iphoneos;
				SWIFT_COMPILATION_MODE = wholemodule;
				SWIFT_OPTIMIZATION_LEVEL = "-O";
				VALIDATE_PRODUCT = YES;
			};
			name = Release;
		};
		393AA11824A93CBF00AAE3EC /* Debug */ = {
			isa = XCBuildConfiguration;
			buildSettings = {
				ASSETCATALOG_COMPILER_APPICON_NAME = AppIcon;
				CODE_SIGN_STYLE = Automatic;
				DEVELOPMENT_ASSET_PATHS = "\"Scrapbook/Preview Content\"";
				DEVELOPMENT_TEAM = RP3ERV46NP;
				ENABLE_PREVIEWS = YES;
				INFOPLIST_FILE = Scrapbook/Info.plist;
				LD_RUNPATH_SEARCH_PATHS = (
					"$(inherited)",
					"@executable_path/Frameworks",
				);
				PRODUCT_BUNDLE_IDENTIFIER = com.lachlanjc.Scrapbook;
				PRODUCT_NAME = "$(TARGET_NAME)";
				SWIFT_VERSION = 5.0;
				TARGETED_DEVICE_FAMILY = "1,2";
			};
			name = Debug;
		};
		393AA11924A93CBF00AAE3EC /* Release */ = {
			isa = XCBuildConfiguration;
			buildSettings = {
				ASSETCATALOG_COMPILER_APPICON_NAME = AppIcon;
				CODE_SIGN_STYLE = Automatic;
				DEVELOPMENT_ASSET_PATHS = "\"Scrapbook/Preview Content\"";
				DEVELOPMENT_TEAM = RP3ERV46NP;
				ENABLE_PREVIEWS = YES;
				INFOPLIST_FILE = Scrapbook/Info.plist;
				LD_RUNPATH_SEARCH_PATHS = (
					"$(inherited)",
					"@executable_path/Frameworks",
				);
				PRODUCT_BUNDLE_IDENTIFIER = com.lachlanjc.Scrapbook;
				PRODUCT_NAME = "$(TARGET_NAME)";
				SWIFT_VERSION = 5.0;
				TARGETED_DEVICE_FAMILY = "1,2";
			};
			name = Release;
		};
/* End XCBuildConfiguration section */

/* Begin XCConfigurationList section */
		393AA0FE24A93CBD00AAE3EC /* Build configuration list for PBXProject "Scrapbook" */ = {
			isa = XCConfigurationList;
			buildConfigurations = (
				393AA11524A93CBF00AAE3EC /* Debug */,
				393AA11624A93CBF00AAE3EC /* Release */,
			);
			defaultConfigurationIsVisible = 0;
			defaultConfigurationName = Release;
		};
		393AA11724A93CBF00AAE3EC /* Build configuration list for PBXNativeTarget "Scrapbook" */ = {
			isa = XCConfigurationList;
			buildConfigurations = (
				393AA11824A93CBF00AAE3EC /* Debug */,
				393AA11924A93CBF00AAE3EC /* Release */,
			);
			defaultConfigurationIsVisible = 0;
			defaultConfigurationName = Release;
		};
/* End XCConfigurationList section */
	};
	rootObject = 393AA0FB24A93CBD00AAE3EC /* Project object */;
}
